// !$*UTF8*$!
{
	archiveVersion = 1;
	classes = {
	};
	objectVersion = 56;
	objects = {

/* Begin PBXBuildFile section */
		3C4F34582AFD95F0004D8BF2 /* AppDelegate.swift in Sources */ = {isa = PBXBuildFile; fileRef = 3C4F34572AFD95F0004D8BF2 /* AppDelegate.swift */; };
		3C4F345A2AFD95F0004D8BF2 /* SceneDelegate.swift in Sources */ = {isa = PBXBuildFile; fileRef = 3C4F34592AFD95F0004D8BF2 /* SceneDelegate.swift */; };
		3C4F345C2AFD95F0004D8BF2 /* ViewController.swift in Sources */ = {isa = PBXBuildFile; fileRef = 3C4F345B2AFD95F0004D8BF2 /* ViewController.swift */; };
		3C4F345F2AFD95F0004D8BF2 /* Main.storyboard in Resources */ = {isa = PBXBuildFile; fileRef = 3C4F345D2AFD95F0004D8BF2 /* Main.storyboard */; };
		3C4F34612AFD95F0004D8BF2 /* Assets.xcassets in Resources */ = {isa = PBXBuildFile; fileRef = 3C4F34602AFD95F0004D8BF2 /* Assets.xcassets */; };
		3C4F34642AFD95F0004D8BF2 /* LaunchScreen.storyboard in Resources */ = {isa = PBXBuildFile; fileRef = 3C4F34622AFD95F0004D8BF2 /* LaunchScreen.storyboard */; };
		3C4F346F2AFD95F0004D8BF2 /* HackwichTenTests.swift in Sources */ = {isa = PBXBuildFile; fileRef = 3C4F346E2AFD95F0004D8BF2 /* HackwichTenTests.swift */; };
		3C4F34792AFD95F0004D8BF2 /* HackwichTenUITests.swift in Sources */ = {isa = PBXBuildFile; fileRef = 3C4F34782AFD95F0004D8BF2 /* HackwichTenUITests.swift */; };
		3C4F347B2AFD95F0004D8BF2 /* HackwichTenUITestsLaunchTests.swift in Sources */ = {isa = PBXBuildFile; fileRef = 3C4F347A2AFD95F0004D8BF2 /* HackwichTenUITestsLaunchTests.swift */; };
		3C4F34882AFD9AAF004D8BF2 /* Resturant.swift in Sources */ = {isa = PBXBuildFile; fileRef = 3C4F34872AFD9AAF004D8BF2 /* Resturant.swift */; };
/* End PBXBuildFile section */

/* Begin PBXContainerItemProxy section */
		3C4F346B2AFD95F0004D8BF2 /* PBXContainerItemProxy */ = {
			isa = PBXContainerItemProxy;
			containerPortal = 3C4F344C2AFD95F0004D8BF2 /* Project object */;
			proxyType = 1;
			remoteGlobalIDString = 3C4F34532AFD95F0004D8BF2;
			remoteInfo = HackwichTen;
		};
		3C4F34752AFD95F0004D8BF2 /* PBXContainerItemProxy */ = {
			isa = PBXContainerItemProxy;
			containerPortal = 3C4F344C2AFD95F0004D8BF2 /* Project object */;
			proxyType = 1;
			remoteGlobalIDString = 3C4F34532AFD95F0004D8BF2;
			remoteInfo = HackwichTen;
		};
/* End PBXContainerItemProxy section */

/* Begin PBXFileReference section */
		3C4F34542AFD95F0004D8BF2 /* HackwichTen.app */ = {isa = PBXFileReference; explicitFileType = wrapper.application; includeInIndex = 0; path = HackwichTen.app; sourceTree = BUILT_PRODUCTS_DIR; };
		3C4F34572AFD95F0004D8BF2 /* AppDelegate.swift */ = {isa = PBXFileReference; lastKnownFileType = sourcecode.swift; path = AppDelegate.swift; sourceTree = "<group>"; };
		3C4F34592AFD95F0004D8BF2 /* SceneDelegate.swift */ = {isa = PBXFileReference; lastKnownFileType = sourcecode.swift; path = SceneDelegate.swift; sourceTree = "<group>"; };
		3C4F345B2AFD95F0004D8BF2 /* ViewController.swift */ = {isa = PBXFileReference; lastKnownFileType = sourcecode.swift; path = ViewController.swift; sourceTree = "<group>"; };
		3C4F345E2AFD95F0004D8BF2 /* Base */ = {isa = PBXFileReference; lastKnownFileType = file.storyboard; name = Base; path = Base.lproj/Main.storyboard; sourceTree = "<group>"; };
		3C4F34602AFD95F0004D8BF2 /* Assets.xcassets */ = {isa = PBXFileReference; lastKnownFileType = folder.assetcatalog; path = Assets.xcassets; sourceTree = "<group>"; };
		3C4F34632AFD95F0004D8BF2 /* Base */ = {isa = PBXFileReference; lastKnownFileType = file.storyboard; name = Base; path = Base.lproj/LaunchScreen.storyboard; sourceTree = "<group>"; };
		3C4F34652AFD95F0004D8BF2 /* Info.plist */ = {isa = PBXFileReference; lastKnownFileType = text.plist.xml; path = Info.plist; sourceTree = "<group>"; };
		3C4F346A2AFD95F0004D8BF2 /* HackwichTenTests.xctest */ = {isa = PBXFileReference; explicitFileType = wrapper.cfbundle; includeInIndex = 0; path = HackwichTenTests.xctest; sourceTree = BUILT_PRODUCTS_DIR; };
		3C4F346E2AFD95F0004D8BF2 /* HackwichTenTests.swift */ = {isa = PBXFileReference; lastKnownFileType = sourcecode.swift; path = HackwichTenTests.swift; sourceTree = "<group>"; };
		3C4F34742AFD95F0004D8BF2 /* HackwichTenUITests.xctest */ = {isa = PBXFileReference; explicitFileType = wrapper.cfbundle; includeInIndex = 0; path = HackwichTenUITests.xctest; sourceTree = BUILT_PRODUCTS_DIR; };
		3C4F34782AFD95F0004D8BF2 /* HackwichTenUITests.swift */ = {isa = PBXFileReference; lastKnownFileType = sourcecode.swift; path = HackwichTenUITests.swift; sourceTree = "<group>"; };
		3C4F347A2AFD95F0004D8BF2 /* HackwichTenUITestsLaunchTests.swift */ = {isa = PBXFileReference; lastKnownFileType = sourcecode.swift; path = HackwichTenUITestsLaunchTests.swift; sourceTree = "<group>"; };
		3C4F34872AFD9AAF004D8BF2 /* Resturant.swift */ = {isa = PBXFileReference; lastKnownFileType = sourcecode.swift; path = Resturant.swift; sourceTree = "<group>"; };
/* End PBXFileReference section */

/* Begin PBXFrameworksBuildPhase section */
		3C4F34512AFD95F0004D8BF2 /* Frameworks */ = {
			isa = PBXFrameworksBuildPhase;
			buildActionMask = 2147483647;
			files = (
			);
			runOnlyForDeploymentPostprocessing = 0;
		};
		3C4F34672AFD95F0004D8BF2 /* Frameworks */ = {
			isa = PBXFrameworksBuildPhase;
			buildActionMask = 2147483647;
			files = (
			);
			runOnlyForDeploymentPostprocessing = 0;
		};
		3C4F34712AFD95F0004D8BF2 /* Frameworks */ = {
			isa = PBXFrameworksBuildPhase;
			buildActionMask = 2147483647;
			files = (
			);
			runOnlyForDeploymentPostprocessing = 0;
		};
/* End PBXFrameworksBuildPhase section */

/* Begin PBXGroup section */
		3C4F344B2AFD95F0004D8BF2 = {
			isa = PBXGroup;
			children = (
				3C4F34562AFD95F0004D8BF2 /* HackwichTen */,
				3C4F346D2AFD95F0004D8BF2 /* HackwichTenTests */,
				3C4F34772AFD95F0004D8BF2 /* HackwichTenUITests */,
				3C4F34552AFD95F0004D8BF2 /* Products */,
			);
			sourceTree = "<group>";
		};
		3C4F34552AFD95F0004D8BF2 /* Products */ = {
			isa = PBXGroup;
			children = (
				3C4F34542AFD95F0004D8BF2 /* HackwichTen.app */,
				3C4F346A2AFD95F0004D8BF2 /* HackwichTenTests.xctest */,
				3C4F34742AFD95F0004D8BF2 /* HackwichTenUITests.xctest */,
			);
			name = Products;
			sourceTree = "<group>";
		};
		3C4F34562AFD95F0004D8BF2 /* HackwichTen */ = {
			isa = PBXGroup;
			children = (
				3C4F34572AFD95F0004D8BF2 /* AppDelegate.swift */,
				3C4F34592AFD95F0004D8BF2 /* SceneDelegate.swift */,
				3C4F345B2AFD95F0004D8BF2 /* ViewController.swift */,
				3C4F34872AFD9AAF004D8BF2 /* Resturant.swift */,
				3C4F345D2AFD95F0004D8BF2 /* Main.storyboard */,
				3C4F34602AFD95F0004D8BF2 /* Assets.xcassets */,
				3C4F34622AFD95F0004D8BF2 /* LaunchScreen.storyboard */,
				3C4F34652AFD95F0004D8BF2 /* Info.plist */,
			);
			path = HackwichTen;
			sourceTree = "<group>";
		};
		3C4F346D2AFD95F0004D8BF2 /* HackwichTenTests */ = {
			isa = PBXGroup;
			children = (
				3C4F346E2AFD95F0004D8BF2 /* HackwichTenTests.swift */,
			);
			path = HackwichTenTests;
			sourceTree = "<group>";
		};
		3C4F34772AFD95F0004D8BF2 /* HackwichTenUITests */ = {
			isa = PBXGroup;
			children = (
				3C4F34782AFD95F0004D8BF2 /* HackwichTenUITests.swift */,
				3C4F347A2AFD95F0004D8BF2 /* HackwichTenUITestsLaunchTests.swift */,
			);
			path = HackwichTenUITests;
			sourceTree = "<group>";
		};
/* End PBXGroup section */

/* Begin PBXNativeTarget section */
		3C4F34532AFD95F0004D8BF2 /* HackwichTen */ = {
			isa = PBXNativeTarget;
			buildConfigurationList = 3C4F347E2AFD95F0004D8BF2 /* Build configuration list for PBXNativeTarget "HackwichTen" */;
			buildPhases = (
				3C4F34502AFD95F0004D8BF2 /* Sources */,
				3C4F34512AFD95F0004D8BF2 /* Frameworks */,
				3C4F34522AFD95F0004D8BF2 /* Resources */,
			);
			buildRules = (
			);
			dependencies = (
			);
			name = HackwichTen;
			productName = HackwichTen;
			productReference = 3C4F34542AFD95F0004D8BF2 /* HackwichTen.app */;
			productType = "com.apple.product-type.application";
		};
		3C4F34692AFD95F0004D8BF2 /* HackwichTenTests */ = {
			isa = PBXNativeTarget;
			buildConfigurationList = 3C4F34812AFD95F0004D8BF2 /* Build configuration list for PBXNativeTarget "HackwichTenTests" */;
			buildPhases = (
				3C4F34662AFD95F0004D8BF2 /* Sources */,
				3C4F34672AFD95F0004D8BF2 /* Frameworks */,
				3C4F34682AFD95F0004D8BF2 /* Resources */,
			);
			buildRules = (
			);
			dependencies = (
				3C4F346C2AFD95F0004D8BF2 /* PBXTargetDependency */,
			);
			name = HackwichTenTests;
			productName = HackwichTenTests;
			productReference = 3C4F346A2AFD95F0004D8BF2 /* HackwichTenTests.xctest */;
			productType = "com.apple.product-type.bundle.unit-test";
		};
		3C4F34732AFD95F0004D8BF2 /* HackwichTenUITests */ = {
			isa = PBXNativeTarget;
			buildConfigurationList = 3C4F34842AFD95F0004D8BF2 /* Build configuration list for PBXNativeTarget "HackwichTenUITests" */;
			buildPhases = (
				3C4F34702AFD95F0004D8BF2 /* Sources */,
				3C4F34712AFD95F0004D8BF2 /* Frameworks */,
				3C4F34722AFD95F0004D8BF2 /* Resources */,
			);
			buildRules = (
			);
			dependencies = (
				3C4F34762AFD95F0004D8BF2 /* PBXTargetDependency */,
			);
			name = HackwichTenUITests;
			productName = HackwichTenUITests;
			productReference = 3C4F34742AFD95F0004D8BF2 /* HackwichTenUITests.xctest */;
			productType = "com.apple.product-type.bundle.ui-testing";
		};
/* End PBXNativeTarget section */

/* Begin PBXProject section */
		3C4F344C2AFD95F0004D8BF2 /* Project object */ = {
			isa = PBXProject;
			attributes = {
				BuildIndependentTargetsInParallel = 1;
				LastSwiftUpdateCheck = 1430;
				LastUpgradeCheck = 1430;
				TargetAttributes = {
					3C4F34532AFD95F0004D8BF2 = {
						CreatedOnToolsVersion = 14.3.1;
					};
					3C4F34692AFD95F0004D8BF2 = {
						CreatedOnToolsVersion = 14.3.1;
						TestTargetID = 3C4F34532AFD95F0004D8BF2;
					};
					3C4F34732AFD95F0004D8BF2 = {
						CreatedOnToolsVersion = 14.3.1;
						TestTargetID = 3C4F34532AFD95F0004D8BF2;
					};
				};
			};
			buildConfigurationList = 3C4F344F2AFD95F0004D8BF2 /* Build configuration list for PBXProject "HackwichTen" */;
			compatibilityVersion = "Xcode 14.0";
			developmentRegion = en;
			hasScannedForEncodings = 0;
			knownRegions = (
				en,
				Base,
			);
			mainGroup = 3C4F344B2AFD95F0004D8BF2;
			productRefGroup = 3C4F34552AFD95F0004D8BF2 /* Products */;
			projectDirPath = "";
			projectRoot = "";
			targets = (
				3C4F34532AFD95F0004D8BF2 /* HackwichTen */,
				3C4F34692AFD95F0004D8BF2 /* HackwichTenTests */,
				3C4F34732AFD95F0004D8BF2 /* HackwichTenUITests */,
			);
		};
/* End PBXProject section */

/* Begin PBXResourcesBuildPhase section */
		3C4F34522AFD95F0004D8BF2 /* Resources */ = {
			isa = PBXResourcesBuildPhase;
			buildActionMask = 2147483647;
			files = (
				3C4F34642AFD95F0004D8BF2 /* LaunchScreen.storyboard in Resources */,
				3C4F34612AFD95F0004D8BF2 /* Assets.xcassets in Resources */,
				3C4F345F2AFD95F0004D8BF2 /* Main.storyboard in Resources */,
			);
			runOnlyForDeploymentPostprocessing = 0;
		};
		3C4F34682AFD95F0004D8BF2 /* Resources */ = {
			isa = PBXResourcesBuildPhase;
			buildActionMask = 2147483647;
			files = (
			);
			runOnlyForDeploymentPostprocessing = 0;
		};
		3C4F34722AFD95F0004D8BF2 /* Resources */ = {
			isa = PBXResourcesBuildPhase;
			buildActionMask = 2147483647;
			files = (
			);
			runOnlyForDeploymentPostprocessing = 0;
		};
/* End PBXResourcesBuildPhase section */

/* Begin PBXSourcesBuildPhase section */
		3C4F34502AFD95F0004D8BF2 /* Sources */ = {
			isa = PBXSourcesBuildPhase;
			buildActionMask = 2147483647;
			files = (
				3C4F345C2AFD95F0004D8BF2 /* ViewController.swift in Sources */,
				3C4F34582AFD95F0004D8BF2 /* AppDelegate.swift in Sources */,
				3C4F34882AFD9AAF004D8BF2 /* Resturant.swift in Sources */,
				3C4F345A2AFD95F0004D8BF2 /* SceneDelegate.swift in Sources */,
			);
			runOnlyForDeploymentPostprocessing = 0;
		};
		3C4F34662AFD95F0004D8BF2 /* Sources */ = {
			isa = PBXSourcesBuildPhase;
			buildActionMask = 2147483647;
			files = (
				3C4F346F2AFD95F0004D8BF2 /* HackwichTenTests.swift in Sources */,
			);
			runOnlyForDeploymentPostprocessing = 0;
		};
		3C4F34702AFD95F0004D8BF2 /* Sources */ = {
			isa = PBXSourcesBuildPhase;
			buildActionMask = 2147483647;
			files = (
				3C4F347B2AFD95F0004D8BF2 /* HackwichTenUITestsLaunchTests.swift in Sources */,
				3C4F34792AFD95F0004D8BF2 /* HackwichTenUITests.swift in Sources */,
			);
			runOnlyForDeploymentPostprocessing = 0;
		};
/* End PBXSourcesBuildPhase section */

/* Begin PBXTargetDependency section */
		3C4F346C2AFD95F0004D8BF2 /* PBXTargetDependency */ = {
			isa = PBXTargetDependency;
			target = 3C4F34532AFD95F0004D8BF2 /* HackwichTen */;
			targetProxy = 3C4F346B2AFD95F0004D8BF2 /* PBXContainerItemProxy */;
		};
		3C4F34762AFD95F0004D8BF2 /* PBXTargetDependency */ = {
			isa = PBXTargetDependency;
			target = 3C4F34532AFD95F0004D8BF2 /* HackwichTen */;
			targetProxy = 3C4F34752AFD95F0004D8BF2 /* PBXContainerItemProxy */;
		};
/* End PBXTargetDependency section */

/* Begin PBXVariantGroup section */
		3C4F345D2AFD95F0004D8BF2 /* Main.storyboard */ = {
			isa = PBXVariantGroup;
			children = (
				3C4F345E2AFD95F0004D8BF2 /* Base */,
			);
			name = Main.storyboard;
			sourceTree = "<group>";
		};
		3C4F34622AFD95F0004D8BF2 /* LaunchScreen.storyboard */ = {
			isa = PBXVariantGroup;
			children = (
				3C4F34632AFD95F0004D8BF2 /* Base */,
			);
			name = LaunchScreen.storyboard;
			sourceTree = "<group>";
		};
/* End PBXVariantGroup section */

/* Begin XCBuildConfiguration section */
		3C4F347C2AFD95F0004D8BF2 /* Debug */ = {
			isa = XCBuildConfiguration;
			buildSettings = {
				ALWAYS_SEARCH_USER_PATHS = NO;
				CLANG_ANALYZER_NONNULL = YES;
				CLANG_ANALYZER_NUMBER_OBJECT_CONVERSION = YES_AGGRESSIVE;
				CLANG_CXX_LANGUAGE_STANDARD = "gnu++20";
				CLANG_ENABLE_MODULES = YES;
				CLANG_ENABLE_OBJC_ARC = YES;
				CLANG_ENABLE_OBJC_WEAK = YES;
				CLANG_WARN_BLOCK_CAPTURE_AUTORELEASING = YES;
				CLANG_WARN_BOOL_CONVERSION = YES;
				CLANG_WARN_COMMA = YES;
				CLANG_WARN_CONSTANT_CONVERSION = YES;
				CLANG_WARN_DEPRECATED_OBJC_IMPLEMENTATIONS = YES;
				CLANG_WARN_DIRECT_OBJC_ISA_USAGE = YES_ERROR;
				CLANG_WARN_DOCUMENTATION_COMMENTS = YES;
				CLANG_WARN_EMPTY_BODY = YES;
				CLANG_WARN_ENUM_CONVERSION = YES;
				CLANG_WARN_INFINITE_RECURSION = YES;
				CLANG_WARN_INT_CONVERSION = YES;
				CLANG_WARN_NON_LITERAL_NULL_CONVERSION = YES;
				CLANG_WARN_OBJC_IMPLICIT_RETAIN_SELF = YES;
				CLANG_WARN_OBJC_LITERAL_CONVERSION = YES;
				CLANG_WARN_OBJC_ROOT_CLASS = YES_ERROR;
				CLANG_WARN_QUOTED_INCLUDE_IN_FRAMEWORK_HEADER = YES;
				CLANG_WARN_RANGE_LOOP_ANALYSIS = YES;
				CLANG_WARN_STRICT_PROTOTYPES = YES;
				CLANG_WARN_SUSPICIOUS_MOVE = YES;
				CLANG_WARN_UNGUARDED_AVAILABILITY = YES_AGGRESSIVE;
				CLANG_WARN_UNREACHABLE_CODE = YES;
				CLANG_WARN__DUPLICATE_METHOD_MATCH = YES;
				COPY_PHASE_STRIP = NO;
				DEBUG_INFORMATION_FORMAT = dwarf;
				ENABLE_STRICT_OBJC_MSGSEND = YES;
				ENABLE_TESTABILITY = YES;
				GCC_C_LANGUAGE_STANDARD = gnu11;
				GCC_DYNAMIC_NO_PIC = NO;
				GCC_NO_COMMON_BLOCKS = YES;
				GCC_OPTIMIZATION_LEVEL = 0;
				GCC_PREPROCESSOR_DEFINITIONS = (
					"DEBUG=1",
					"$(inherited)",
				);
				GCC_WARN_64_TO_32_BIT_CONVERSION = YES;
				GCC_WARN_ABOUT_RETURN_TYPE = YES_ERROR;
				GCC_WARN_UNDECLARED_SELECTOR = YES;
				GCC_WARN_UNINITIALIZED_AUTOS = YES_AGGRESSIVE;
				GCC_WARN_UNUSED_FUNCTION = YES;
				GCC_WARN_UNUSED_VARIABLE = YES;
				IPHONEOS_DEPLOYMENT_TARGET = 16.4;
				MTL_ENABLE_DEBUG_INFO = INCLUDE_SOURCE;
				MTL_FAST_MATH = YES;
				ONLY_ACTIVE_ARCH = YES;
				SDKROOT = iphoneos;
				SWIFT_ACTIVE_COMPILATION_CONDITIONS = DEBUG;
				SWIFT_OPTIMIZATION_LEVEL = "-Onone";
			};
			name = Debug;
		};
		3C4F347D2AFD95F0004D8BF2 /* Release */ = {
			isa = XCBuildConfiguration;
			buildSettings = {
				ALWAYS_SEARCH_USER_PATHS = NO;
				CLANG_ANALYZER_NONNULL = YES;
				CLANG_ANALYZER_NUMBER_OBJECT_CONVERSION = YES_AGGRESSIVE;
				CLANG_CXX_LANGUAGE_STANDARD = "gnu++20";
				CLANG_ENABLE_MODULES = YES;
				CLANG_ENABLE_OBJC_ARC = YES;
				CLANG_ENABLE_OBJC_WEAK = YES;
				CLANG_WARN_BLOCK_CAPTURE_AUTORELEASING = YES;
				CLANG_WARN_BOOL_CONVERSION = YES;
				CLANG_WARN_COMMA = YES;
				CLANG_WARN_CONSTANT_CONVERSION = YES;
				CLANG_WARN_DEPRECATED_OBJC_IMPLEMENTATIONS = YES;
				CLANG_WARN_DIRECT_OBJC_ISA_USAGE = YES_ERROR;
				CLANG_WARN_DOCUMENTATION_COMMENTS = YES;
				CLANG_WARN_EMPTY_BODY = YES;
				CLANG_WARN_ENUM_CONVERSION = YES;
				CLANG_WARN_INFINITE_RECURSION = YES;
				CLANG_WARN_INT_CONVERSION = YES;
				CLANG_WARN_NON_LITERAL_NULL_CONVERSION = YES;
				CLANG_WARN_OBJC_IMPLICIT_RETAIN_SELF = YES;
				CLANG_WARN_OBJC_LITERAL_CONVERSION = YES;
				CLANG_WARN_OBJC_ROOT_CLASS = YES_ERROR;
				CLANG_WARN_QUOTED_INCLUDE_IN_FRAMEWORK_HEADER = YES;
				CLANG_WARN_RANGE_LOOP_ANALYSIS = YES;
				CLANG_WARN_STRICT_PROTOTYPES = YES;
				CLANG_WARN_SUSPICIOUS_MOVE = YES;
				CLANG_WARN_UNGUARDED_AVAILABILITY = YES_AGGRESSIVE;
				CLANG_WARN_UNREACHABLE_CODE = YES;
				CLANG_WARN__DUPLICATE_METHOD_MATCH = YES;
				COPY_PHASE_STRIP = NO;
				DEBUG_INFORMATION_FORMAT = "dwarf-with-dsym";
				ENABLE_NS_ASSERTIONS = NO;
				ENABLE_STRICT_OBJC_MSGSEND = YES;
				GCC_C_LANGUAGE_STANDARD = gnu11;
				GCC_NO_COMMON_BLOCKS = YES;
				GCC_WARN_64_TO_32_BIT_CONVERSION = YES;
				GCC_WARN_ABOUT_RETURN_TYPE = YES_ERROR;
				GCC_WARN_UNDECLARED_SELECTOR = YES;
				GCC_WARN_UNINITIALIZED_AUTOS = YES_AGGRESSIVE;
				GCC_WARN_UNUSED_FUNCTION = YES;
				GCC_WARN_UNUSED_VARIABLE = YES;
				IPHONEOS_DEPLOYMENT_TARGET = 16.4;
				MTL_ENABLE_DEBUG_INFO = NO;
				MTL_FAST_MATH = YES;
				SDKROOT = iphoneos;
				SWIFT_COMPILATION_MODE = wholemodule;
				SWIFT_OPTIMIZATION_LEVEL = "-O";
				VALIDATE_PRODUCT = YES;
			};
			name = Release;
		};
		3C4F347F2AFD95F0004D8BF2 /* Debug */ = {
			isa = XCBuildConfiguration;
			buildSettings = {
				ASSETCATALOG_COMPILER_APPICON_NAME = AppIcon;
				ASSETCATALOG_COMPILER_GLOBAL_ACCENT_COLOR_NAME = AccentColor;
				CODE_SIGN_STYLE = Automatic;
				CURRENT_PROJECT_VERSION = 1;
				DEVELOPMENT_TEAM = AS5G5T9LAM;
				GENERATE_INFOPLIST_FILE = YES;
				INFOPLIST_FILE = HackwichTen/Info.plist;
				INFOPLIST_KEY_UIApplicationSupportsIndirectInputEvents = YES;
				INFOPLIST_KEY_UILaunchStoryboardName = LaunchScreen;
				INFOPLIST_KEY_UIMainStoryboardFile = Main;
				INFOPLIST_KEY_UISupportedInterfaceOrientations_iPad = "UIInterfaceOrientationPortrait UIInterfaceOrientationPortraitUpsideDown UIInterfaceOrientationLandscapeLeft UIInterfaceOrientationLandscapeRight";
				INFOPLIST_KEY_UISupportedInterfaceOrientations_iPhone = "UIInterfaceOrientationPortrait UIInterfaceOrientationLandscapeLeft UIInterfaceOrientationLandscapeRight";
				LD_RUNPATH_SEARCH_PATHS = (
					"$(inherited)",
					"@executable_path/Frameworks",
				);
				MARKETING_VERSION = 1.0;
				PRODUCT_BUNDLE_IDENTIFIER = uhwo.HackwichTen;
				PRODUCT_NAME = "$(TARGET_NAME)";
				SWIFT_EMIT_LOC_STRINGS = YES;
				SWIFT_VERSION = 5.0;
				TARGETED_DEVICE_FAMILY = "1,2";
			};
			name = Debug;
		};
		3C4F34802AFD95F0004D8BF2 /* Release */ = {
			isa = XCBuildConfiguration;
			buildSettings = {
				ASSETCATALOG_COMPILER_APPICON_NAME = AppIcon;
				ASSETCATALOG_COMPILER_GLOBAL_ACCENT_COLOR_NAME = AccentColor;
				CODE_SIGN_STYLE = Automatic;
				CURRENT_PROJECT_VERSION = 1;
				DEVELOPMENT_TEAM = AS5G5T9LAM;
				GENERATE_INFOPLIST_FILE = YES;
				INFOPLIST_FILE = HackwichTen/Info.plist;
				INFOPLIST_KEY_UIApplicationSupportsIndirectInputEvents = YES;
				INFOPLIST_KEY_UILaunchStoryboardName = LaunchScreen;
				INFOPLIST_KEY_UIMainStoryboardFile = Main;
				INFOPLIST_KEY_UISupportedInterfaceOrientations_iPad = "UIInterfaceOrientationPortrait UIInterfaceOrientationPortraitUpsideDown UIInterfaceOrientationLandscapeLeft UIInterfaceOrientationLandscapeRight";
				INFOPLIST_KEY_UISupportedInterfaceOrientations_iPhone = "UIInterfaceOrientationPortrait UIInterfaceOrientationLandscapeLeft UIInterfaceOrientationLandscapeRight";
				LD_RUNPATH_SEARCH_PATHS = (
					"$(inherited)",
					"@executable_path/Frameworks",
				);
				MARKETING_VERSION = 1.0;
				PRODUCT_BUNDLE_IDENTIFIER = uhwo.HackwichTen;
				PRODUCT_NAME = "$(TARGET_NAME)";
				SWIFT_EMIT_LOC_STRINGS = YES;
				SWIFT_VERSION = 5.0;
				TARGETED_DEVICE_FAMILY = "1,2";
			};
			name = Release;
		};
		3C4F34822AFD95F0004D8BF2 /* Debug */ = {
			isa = XCBuildConfiguration;
			buildSettings = {
				ALWAYS_EMBED_SWIFT_STANDARD_LIBRARIES = YES;
				BUNDLE_LOADER = "$(TEST_HOST)";
				CODE_SIGN_STYLE = Automatic;
				CURRENT_PROJECT_VERSION = 1;
				DEVELOPMENT_TEAM = AS5G5T9LAM;
				GENERATE_INFOPLIST_FILE = YES;
				IPHONEOS_DEPLOYMENT_TARGET = 16.4;
				MARKETING_VERSION = 1.0;
				PRODUCT_BUNDLE_IDENTIFIER = uhwo.HackwichTenTests;
				PRODUCT_NAME = "$(TARGET_NAME)";
				SWIFT_EMIT_LOC_STRINGS = NO;
				SWIFT_VERSION = 5.0;
				TARGETED_DEVICE_FAMILY = "1,2";
				TEST_HOST = "$(BUILT_PRODUCTS_DIR)/HackwichTen.app/$(BUNDLE_EXECUTABLE_FOLDER_PATH)/HackwichTen";
			};
			name = Debug;
		};
		3C4F34832AFD95F0004D8BF2 /* Release */ = {
			isa = XCBuildConfiguration;
			buildSettings = {
				ALWAYS_EMBED_SWIFT_STANDARD_LIBRARIES = YES;
				BUNDLE_LOADER = "$(TEST_HOST)";
				CODE_SIGN_STYLE = Automatic;
				CURRENT_PROJECT_VERSION = 1;
				DEVELOPMENT_TEAM = AS5G5T9LAM;
				GENERATE_INFOPLIST_FILE = YES;
				IPHONEOS_DEPLOYMENT_TARGET = 16.4;
				MARKETING_VERSION = 1.0;
				PRODUCT_BUNDLE_IDENTIFIER = uhwo.HackwichTenTests;
				PRODUCT_NAME = "$(TARGET_NAME)";
				SWIFT_EMIT_LOC_STRINGS = NO;
				SWIFT_VERSION = 5.0;
				TARGETED_DEVICE_FAMILY = "1,2";
				TEST_HOST = "$(BUILT_PRODUCTS_DIR)/HackwichTen.app/$(BUNDLE_EXECUTABLE_FOLDER_PATH)/HackwichTen";
			};
			name = Release;
		};
		3C4F34852AFD95F0004D8BF2 /* Debug */ = {
			isa = XCBuildConfiguration;
			buildSettings = {
				ALWAYS_EMBED_SWIFT_STANDARD_LIBRARIES = YES;
				CODE_SIGN_STYLE = Automatic;
				CURRENT_PROJECT_VERSION = 1;
				DEVELOPMENT_TEAM = AS5G5T9LAM;
				GENERATE_INFOPLIST_FILE = YES;
				MARKETING_VERSION = 1.0;
				PRODUCT_BUNDLE_IDENTIFIER = uhwo.HackwichTenUITests;
				PRODUCT_NAME = "$(TARGET_NAME)";
				SWIFT_EMIT_LOC_STRINGS = NO;
				SWIFT_VERSION = 5.0;
				TARGETED_DEVICE_FAMILY = "1,2";
				TEST_TARGET_NAME = HackwichTen;
			};
			name = Debug;
		};
		3C4F34862AFD95F0004D8BF2 /* Release */ = {
			isa = XCBuildConfiguration;
			buildSettings = {
				ALWAYS_EMBED_SWIFT_STANDARD_LIBRARIES = YES;
				CODE_SIGN_STYLE = Automatic;
				CURRENT_PROJECT_VERSION = 1;
				DEVELOPMENT_TEAM = AS5G5T9LAM;
				GENERATE_INFOPLIST_FILE = YES;
				MARKETING_VERSION = 1.0;
				PRODUCT_BUNDLE_IDENTIFIER = uhwo.HackwichTenUITests;
				PRODUCT_NAME = "$(TARGET_NAME)";
				SWIFT_EMIT_LOC_STRINGS = NO;
				SWIFT_VERSION = 5.0;
				TARGETED_DEVICE_FAMILY = "1,2";
				TEST_TARGET_NAME = HackwichTen;
			};
			name = Release;
		};
/* End XCBuildConfiguration section */

/* Begin XCConfigurationList section */
		3C4F344F2AFD95F0004D8BF2 /* Build configuration list for PBXProject "HackwichTen" */ = {
			isa = XCConfigurationList;
			buildConfigurations = (
				3C4F347C2AFD95F0004D8BF2 /* Debug */,
				3C4F347D2AFD95F0004D8BF2 /* Release */,
			);
			defaultConfigurationIsVisible = 0;
			defaultConfigurationName = Release;
		};
		3C4F347E2AFD95F0004D8BF2 /* Build configuration list for PBXNativeTarget "HackwichTen" */ = {
			isa = XCConfigurationList;
			buildConfigurations = (
				3C4F347F2AFD95F0004D8BF2 /* Debug */,
				3C4F34802AFD95F0004D8BF2 /* Release */,
			);
			defaultConfigurationIsVisible = 0;
			defaultConfigurationName = Release;
		};
		3C4F34812AFD95F0004D8BF2 /* Build configuration list for PBXNativeTarget "HackwichTenTests" */ = {
			isa = XCConfigurationList;
			buildConfigurations = (
				3C4F34822AFD95F0004D8BF2 /* Debug */,
				3C4F34832AFD95F0004D8BF2 /* Release */,
			);
			defaultConfigurationIsVisible = 0;
			defaultConfigurationName = Release;
		};
		3C4F34842AFD95F0004D8BF2 /* Build configuration list for PBXNativeTarget "HackwichTenUITests" */ = {
			isa = XCConfigurationList;
			buildConfigurations = (
				3C4F34852AFD95F0004D8BF2 /* Debug */,
				3C4F34862AFD95F0004D8BF2 /* Release */,
			);
			defaultConfigurationIsVisible = 0;
			defaultConfigurationName = Release;
		};
/* End XCConfigurationList section */
	};
	rootObject = 3C4F344C2AFD95F0004D8BF2 /* Project object */;
}
